hash: 2687e4363cb1de03b7dda8aedfea79ee2bdd99488d3d0a12f8093fa2123aa993
updated: 2017-06-05T23:39:20.398503227+09:00
imports:
- name: github.com/couchbase/gocb
  version: bf740f17ea6cd6a1bbd5ca3583266c8f74692524
- name: github.com/golang/mock
  version: bd3c8e81be01eef76d4b503f5e687d2d1354d2d9
  subpackages:
  - gomock
- name: gopkg.in/couchbase/gocbcore.v7
  version: 0dfef9335fa13e903afb34eec66471f1ba48fce2
- name: gopkg.in/couchbaselabs/gocbconnstr.v1
  version: f601f521a1ab1c99260c63441e1bbdbbc48b1bd9
- name: gopkg.in/couchbaselabs/jsonx.v1
  version: 5b7baa20429a46a5543ee259664cc86502738cad
testImports: []
